{
  "object": {
    "pins": [
      {
        "package": "Socket",
        "repositoryURL": "https://github.com/IBM-Swift/BlueSocket",
        "state": {
          "branch": null,
          "revision": "c9894fd117457f1d006575fbfb2fdfd6f79eac03",
          "version": "1.0.200"
        }
      },
      {
        "package": "CSSH",
        "repositoryURL": "https://github.com/DimaRU/Libssh2Prebuild.git",
        "state": {
          "branch": "master",
          "revision": "b9aa10482fe8f93f50e9ca9e87e64a18c6db5afb",
          "version": null
        }
      }
    ]
  },
  "version": 1
}
